<?xml version="1.0" encoding="utf-8"?>
<Project ToolsVersion="4.0" xmlns="http://schemas.microsoft.com/developer/msbuild/2003">
  <ItemGroup>
    <Filter Include="Source Files">
      <UniqueIdentifier>{4FC737F1-C7A5-4376-A066-2A32D752A2FF}</UniqueIdentifier>
      <Extensions>cpp;c;cc;cxx;def;odl;idl;hpj;bat;asm;asmx</Extensions>
    </Filter>
    <Filter Include="Header Files">
      <UniqueIdentifier>{93995380-89BD-4b04-88EB-625FBE52EBFB}</UniqueIdentifier>
      <Extensions>h;hh;hpp;hxx;hm;inl;inc;xsd</Extensions>
    </Filter>
    <Filter Include="Resource Files">
      <UniqueIdentifier>{67DA6AB6-F800-4c08-8B7A-83BB121AAD01}</UniqueIdentifier>
      <Extensions>rc;ico;cur;bmp;dlg;rc2;rct;bin;rgs;gif;jpg;jpeg;jpe;resx;tiff;tif;png;wav;mfcribbon-ms</Extensions>
    </Filter>
    <Filter Include="Header Files\ADTs">
      <UniqueIdentifier>{a82c1507-7825-4dd2-bfe6-a5316d56e223}</UniqueIdentifier>
    </Filter>
    <Filter Include="Header Files\examples">
      <UniqueIdentifier>{084a7152-647c-4ac8-b680-8ca216ad7130}</UniqueIdentifier>
    </Filter>
    <Filter Include="Header Files\benchmarks">
      <UniqueIdentifier>{4052d4b0-1931-4c1b-8588-9be6d005b64c}</UniqueIdentifier>
    </Filter>
    <Filter Include="Header Files\sorting">
      <UniqueIdentifier>{427d394a-7596-4c1e-882c-eb1887ce0fad}</UniqueIdentifier>
    </Filter>
  </ItemGroup>
  <ItemGroup>
    <ClInclude Include="ADTs\BinaryNode.h">
      <Filter>Header Files\ADTs</Filter>
    </ClInclude>
    <ClInclude Include="ADTs\Collection.h">
      <Filter>Header Files\ADTs</Filter>
    </ClInclude>
    <ClInclude Include="ADTs\Indexed.h">
      <Filter>Header Files\ADTs</Filter>
    </ClInclude>
    <ClInclude Include="ADTs\IndexedCollection.h">
      <Filter>Header Files\ADTs</Filter>
    </ClInclude>
    <ClInclude Include="ADTs\LinkedList.h">
      <Filter>Header Files\ADTs</Filter>
    </ClInclude>
    <ClInclude Include="ADTs\ListNode.h">
      <Filter>Header Files\ADTs</Filter>
    </ClInclude>
    <ClInclude Include="ADTs\Queue.h">
      <Filter>Header Files\ADTs</Filter>
    </ClInclude>
    <ClInclude Include="ADTs\QueueAdapter.h">
      <Filter>Header Files\ADTs</Filter>
    </ClInclude>
    <ClInclude Include="ADTs\Stack.h">
      <Filter>Header Files\ADTs</Filter>
    </ClInclude>
    <ClInclude Include="ADTs\StackAdapter.h">
      <Filter>Header Files\ADTs</Filter>
    </ClInclude>
    <ClInclude Include="ADTs\Vector.h">
      <Filter>Header Files\ADTs</Filter>
    </ClInclude>
    <ClInclude Include="ADTs\BinarySearchTree.h">
      <Filter>Header Files\ADTs</Filter>
    </ClInclude>
    <ClInclude Include="ADTs\TreeTraversal.h">
      <Filter>Header Files\ADTs</Filter>
    </ClInclude>
    <ClInclude Include="ADTs\BinaryHeap.h">
      <Filter>Header Files\ADTs</Filter>
    </ClInclude>
    <ClInclude Include="ADTs\SkewHeap.h">
      <Filter>Header Files\ADTs</Filter>
    </ClInclude>
    <ClInclude Include="ADTs\SkipList.h">
      <Filter>Header Files\ADTs</Filter>
    </ClInclude>
    <ClInclude Include="ADTs\SkipNode.h">
      <Filter>Header Files\ADTs</Filter>
    </ClInclude>
    <ClInclude Include="ADTs\RandomNumberGenerator.h">
      <Filter>Header Files\ADTs</Filter>
    </ClInclude>
    <ClInclude Include="ADTs\BucketHashTable.h">
      <Filter>Header Files\ADTs</Filter>
    </ClInclude>
    <ClInclude Include="ADTs\DoubleHashTable.h">
      <Filter>Header Files\ADTs</Filter>
    </ClInclude>
    <ClInclude Include="ADTs\HasherBase.h">
      <Filter>Header Files\ADTs</Filter>
    </ClInclude>
    <ClInclude Include="ADTs\HasherFactory.h">
      <Filter>Header Files\ADTs</Filter>
    </ClInclude>
    <ClInclude Include="ADTs\HashItem.h">
      <Filter>Header Files\ADTs</Filter>
    </ClInclude>
    <ClInclude Include="ADTs\HashTableBase.h">
      <Filter>Header Files\ADTs</Filter>
    </ClInclude>
    <ClInclude Include="ADTs\LinearHashTable.h">
      <Filter>Header Files\ADTs</Filter>
    </ClInclude>
    <ClInclude Include="ADTs\QuadraticHashTable.h">
      <Filter>Header Files\ADTs</Filter>
    </ClInclude>
    <ClInclude Include="ADTs\SimpleStringHasher.h">
      <Filter>Header Files\ADTs</Filter>
    </ClInclude>
    <ClInclude Include="examples\hashtables.h">
      <Filter>Header Files\examples</Filter>
    </ClInclude>
    <ClInclude Include="ADTs\StringStreamStringHasher.h">
      <Filter>Header Files\ADTs</Filter>
    </ClInclude>
    <ClInclude Include="ADTs\CircularQueue.h">
      <Filter>Header Files\ADTs</Filter>
    </ClInclude>
    <ClInclude Include="benchmarks\QueueBenchmark.h">
      <Filter>Header Files\benchmarks</Filter>
    </ClInclude>
    <ClInclude Include="examples\benchmarks.h">
      <Filter>Header Files\examples</Filter>
    </ClInclude>
    <ClInclude Include="ADTs\DisjointSet.h">
      <Filter>Header Files\ADTs</Filter>
    </ClInclude>
    <ClInclude Include="ADTs\AvlNode.h">
      <Filter>Header Files\ADTs</Filter>
    </ClInclude>
    <ClInclude Include="ADTs\AvlTree.h">
      <Filter>Header Files\ADTs</Filter>
    </ClInclude>
    <ClInclude Include="ADTs\SortedCollection.h">
      <Filter>Header Files\ADTs</Filter>
    </ClInclude>
    <ClInclude Include="benchmarks\SortingBenchmark.h">
      <Filter>Header Files\benchmarks</Filter>
    </ClInclude>
    <ClInclude Include="sorting\MergeSort.h">
      <Filter>Header Files\sorting</Filter>
    </ClInclude>
    <ClInclude Include="sorting\QuickSort.h">
      <Filter>Header Files\sorting</Filter>
    </ClInclude>
    <ClInclude Include="sorting\RadixSort.h">
      <Filter>Header Files\sorting</Filter>
    </ClInclude>
    <ClInclude Include="sorting\ShellSort.h">
      <Filter>Header Files\sorting</Filter>
    </ClInclude>
    <ClInclude Include="sorting\BubbleSort.h">
      <Filter>Header Files\sorting</Filter>
    </ClInclude>
    <ClInclude Include="sorting\IndexedSort.h">
      <Filter>Header Files\sorting</Filter>
    </ClInclude>
    <ClInclude Include="sorting\InsertionSort.h">
      <Filter>Header Files\sorting</Filter>
    </ClInclude>
    <ClInclude Include="sorting\SelectionSort.h">
      <Filter>Header Files\sorting</Filter>
    </ClInclude>
    <ClInclude Include="sorting\Sorting.h">
      <Filter>Header Files\sorting</Filter>
    </ClInclude>
    <ClInclude Include="ADTs\GraphNode.h">
      <Filter>Header Files\ADTs</Filter>
    </ClInclude>
    <ClInclude Include="ADTs\StringGraphNode.h">
      <Filter>Header Files\ADTs</Filter>
    </ClInclude>
  </ItemGroup>
  <ItemGroup>
    <ClCompile Include="main.cpp">
      <Filter>Source Files</Filter>
    </ClCompile>
  </ItemGroup>
</Project>