
Microsoft Visual Studio Solution File, Format Version 12.00
# Visual Studio 15
VisualStudioVersion = 15.0.27703.2026
MinimumVisualStudioVersion = 10.0.40219.1
Project("{8BC9CEB8-8B4A-11D0-8D11-00A0C91BC942}") = "section2", "section2\section2.vcxproj", "{69D818AC-053F-4498-9E73-293CA6E594FC}"
EndProject
Global
	GlobalSection(SolutionConfigurationPlatforms) = preSolution
		Debug|x64 = Debug|x64
		Debug|x86 = Debug|x86
		Release|x64 = Release|x64
		Release|x86 = Release|x86
	EndGlobalSection
	GlobalSection(ProjectConfigurationPlatforms) = postSolution
		{69D818AC-053F-4498-9E73-293CA6E594FC}.Debug|x64.ActiveCfg = Debug|x64
		{69D818AC-053F-4498-9E73-293CA6E594FC}.Debug|x64.Build.0 = Debug|x64
		{69D818AC-053F-4498-9E73-293CA6E594FC}.Debug|x86.ActiveCfg = Debug|Win32
		{69D818AC-053F-4498-9E73-293CA6E594FC}.Debug|x86.Build.0 = Debug|Win32
		{69D818AC-053F-4498-9E73-293CA6E594FC}.Release|x64.ActiveCfg = Release|x64
		{69D818AC-053F-4498-9E73-293CA6E594FC}.Release|x64.Build.0 = Release|x64
		{69D818AC-053F-4498-9E73-293CA6E594FC}.Release|x86.ActiveCfg = Release|Win32
		{69D818AC-053F-4498-9E73-293CA6E594FC}.Release|x86.Build.0 = Release|Win32
	EndGlobalSection
	GlobalSection(SolutionProperties) = preSolution
		HideSolutionNode = FALSE
	EndGlobalSection
	GlobalSection(ExtensibilityGlobals) = postSolution
		SolutionGuid = {2066A847-C7EA-4179-A13C-7C0E2CC78AFD}
	EndGlobalSection
EndGlobal
