
Microsoft Visual Studio Solution File, Format Version 12.00
# Visual Studio 15
VisualStudioVersion = 15.0.27703.2026
MinimumVisualStudioVersion = 10.0.40219.1
Project("{8BC9CEB8-8B4A-11D0-8D11-00A0C91BC942}") = "lab1", "lab1\lab1.vcxproj", "{21A4A4B2-FFE5-487A-9A44-5E00E4887079}"
EndProject
Global
	GlobalSection(SolutionConfigurationPlatforms) = preSolution
		Debug|x64 = Debug|x64
		Debug|x86 = Debug|x86
		Release|x64 = Release|x64
		Release|x86 = Release|x86
	EndGlobalSection
	GlobalSection(ProjectConfigurationPlatforms) = postSolution
		{21A4A4B2-FFE5-487A-9A44-5E00E4887079}.Debug|x64.ActiveCfg = Debug|x64
		{21A4A4B2-FFE5-487A-9A44-5E00E4887079}.Debug|x64.Build.0 = Debug|x64
		{21A4A4B2-FFE5-487A-9A44-5E00E4887079}.Debug|x86.ActiveCfg = Debug|Win32
		{21A4A4B2-FFE5-487A-9A44-5E00E4887079}.Debug|x86.Build.0 = Debug|Win32
		{21A4A4B2-FFE5-487A-9A44-5E00E4887079}.Release|x64.ActiveCfg = Release|x64
		{21A4A4B2-FFE5-487A-9A44-5E00E4887079}.Release|x64.Build.0 = Release|x64
		{21A4A4B2-FFE5-487A-9A44-5E00E4887079}.Release|x86.ActiveCfg = Release|Win32
		{21A4A4B2-FFE5-487A-9A44-5E00E4887079}.Release|x86.Build.0 = Release|Win32
	EndGlobalSection
	GlobalSection(SolutionProperties) = preSolution
		HideSolutionNode = FALSE
	EndGlobalSection
	GlobalSection(ExtensibilityGlobals) = postSolution
		SolutionGuid = {DA82A73F-5D93-450F-9173-E9093114175C}
	EndGlobalSection
EndGlobal
