
Microsoft Visual Studio Solution File, Format Version 12.00
# Visual Studio 15
VisualStudioVersion = 15.0.28010.2041
MinimumVisualStudioVersion = 10.0.40219.1
Project("{8BC9CEB8-8B4A-11D0-8D11-00A0C91BC942}") = "final", "final\midterm.vcxproj", "{C6249FE4-5D63-4E5A-A267-F790080BCB41}"
EndProject
Global
	GlobalSection(SolutionConfigurationPlatforms) = preSolution
		Debug|x64 = Debug|x64
		Debug|x86 = Debug|x86
		Release|x64 = Release|x64
		Release|x86 = Release|x86
	EndGlobalSection
	GlobalSection(ProjectConfigurationPlatforms) = postSolution
		{C6249FE4-5D63-4E5A-A267-F790080BCB41}.Debug|x64.ActiveCfg = Debug|x64
		{C6249FE4-5D63-4E5A-A267-F790080BCB41}.Debug|x64.Build.0 = Debug|x64
		{C6249FE4-5D63-4E5A-A267-F790080BCB41}.Debug|x86.ActiveCfg = Debug|Win32
		{C6249FE4-5D63-4E5A-A267-F790080BCB41}.Debug|x86.Build.0 = Debug|Win32
		{C6249FE4-5D63-4E5A-A267-F790080BCB41}.Release|x64.ActiveCfg = Release|x64
		{C6249FE4-5D63-4E5A-A267-F790080BCB41}.Release|x64.Build.0 = Release|x64
		{C6249FE4-5D63-4E5A-A267-F790080BCB41}.Release|x86.ActiveCfg = Release|Win32
		{C6249FE4-5D63-4E5A-A267-F790080BCB41}.Release|x86.Build.0 = Release|Win32
	EndGlobalSection
	GlobalSection(SolutionProperties) = preSolution
		HideSolutionNode = FALSE
	EndGlobalSection
	GlobalSection(ExtensibilityGlobals) = postSolution
		SolutionGuid = {3958FCC3-B6E3-4B79-8472-3999171BAC2C}
	EndGlobalSection
EndGlobal
