
Microsoft Visual Studio Solution File, Format Version 12.00
# Visual Studio 15
VisualStudioVersion = 15.0.27428.2011
MinimumVisualStudioVersion = 10.0.40219.1
Project("{8BC9CEB8-8B4A-11D0-8D11-00A0C91BC942}") = "Lecture Code", "Lecture Code\Lecture Code.vcxproj", "{780BCF64-E69B-437F-A04D-7D07D2EEC192}"
EndProject
Global
	GlobalSection(SolutionConfigurationPlatforms) = preSolution
		Debug|x64 = Debug|x64
		Debug|x86 = Debug|x86
		Release|x64 = Release|x64
		Release|x86 = Release|x86
	EndGlobalSection
	GlobalSection(ProjectConfigurationPlatforms) = postSolution
		{780BCF64-E69B-437F-A04D-7D07D2EEC192}.Debug|x64.ActiveCfg = Debug|x64
		{780BCF64-E69B-437F-A04D-7D07D2EEC192}.Debug|x64.Build.0 = Debug|x64
		{780BCF64-E69B-437F-A04D-7D07D2EEC192}.Debug|x86.ActiveCfg = Debug|Win32
		{780BCF64-E69B-437F-A04D-7D07D2EEC192}.Debug|x86.Build.0 = Debug|Win32
		{780BCF64-E69B-437F-A04D-7D07D2EEC192}.Release|x64.ActiveCfg = Release|x64
		{780BCF64-E69B-437F-A04D-7D07D2EEC192}.Release|x64.Build.0 = Release|x64
		{780BCF64-E69B-437F-A04D-7D07D2EEC192}.Release|x86.ActiveCfg = Release|Win32
		{780BCF64-E69B-437F-A04D-7D07D2EEC192}.Release|x86.Build.0 = Release|Win32
	EndGlobalSection
	GlobalSection(SolutionProperties) = preSolution
		HideSolutionNode = FALSE
	EndGlobalSection
	GlobalSection(ExtensibilityGlobals) = postSolution
		SolutionGuid = {BD0C9868-94CD-4969-9CAE-B6E44835D431}
	EndGlobalSection
EndGlobal
