
Microsoft Visual Studio Solution File, Format Version 12.00
# Visual Studio 15
VisualStudioVersion = 15.0.28307.168
MinimumVisualStudioVersion = 10.0.40219.1
Project("{8BC9CEB8-8B4A-11D0-8D11-00A0C91BC942}") = "code", "code\code.vcxproj", "{3E5ECB16-D03C-40ED-B391-95C7B1056746}"
EndProject
Global
	GlobalSection(SolutionConfigurationPlatforms) = preSolution
		Debug|x64 = Debug|x64
		Debug|x86 = Debug|x86
		Release|x64 = Release|x64
		Release|x86 = Release|x86
	EndGlobalSection
	GlobalSection(ProjectConfigurationPlatforms) = postSolution
		{3E5ECB16-D03C-40ED-B391-95C7B1056746}.Debug|x64.ActiveCfg = Debug|x64
		{3E5ECB16-D03C-40ED-B391-95C7B1056746}.Debug|x64.Build.0 = Debug|x64
		{3E5ECB16-D03C-40ED-B391-95C7B1056746}.Debug|x86.ActiveCfg = Debug|Win32
		{3E5ECB16-D03C-40ED-B391-95C7B1056746}.Debug|x86.Build.0 = Debug|Win32
		{3E5ECB16-D03C-40ED-B391-95C7B1056746}.Release|x64.ActiveCfg = Release|x64
		{3E5ECB16-D03C-40ED-B391-95C7B1056746}.Release|x64.Build.0 = Release|x64
		{3E5ECB16-D03C-40ED-B391-95C7B1056746}.Release|x86.ActiveCfg = Release|Win32
		{3E5ECB16-D03C-40ED-B391-95C7B1056746}.Release|x86.Build.0 = Release|Win32
	EndGlobalSection
	GlobalSection(SolutionProperties) = preSolution
		HideSolutionNode = FALSE
	EndGlobalSection
	GlobalSection(ExtensibilityGlobals) = postSolution
		SolutionGuid = {1934A0A3-1EE0-4310-93CD-103444CDB362}
	EndGlobalSection
EndGlobal
